// !$*UTF8*$!
{
	archiveVersion = 1;
	classes = {
	};
	objectVersion = 56;
	objects = {

/* Begin PBXBuildFile section */
		408C10182CAD9FB800F9A120 /* AppDelegate.swift in Sources */ = {isa = PBXBuildFile; fileRef = 408C10172CAD9FB800F9A120 /* AppDelegate.swift */; };
		408C101A2CAD9FB800F9A120 /* GameScene.sks in Resources */ = {isa = PBXBuildFile; fileRef = 408C10192CAD9FB800F9A120 /* GameScene.sks */; };
		408C101E2CAD9FB800F9A120 /* GameScene.swift in Sources */ = {isa = PBXBuildFile; fileRef = 408C101D2CAD9FB800F9A120 /* GameScene.swift */; };
		408C10202CAD9FB800F9A120 /* GameViewController.swift in Sources */ = {isa = PBXBuildFile; fileRef = 408C101F2CAD9FB800F9A120 /* GameViewController.swift */; };
		408C10232CAD9FB800F9A120 /* Base in Resources */ = {isa = PBXBuildFile; fileRef = 408C10222CAD9FB800F9A120 /* Base */; };
		408C10252CAD9FBE00F9A120 /* Assets.xcassets in Resources */ = {isa = PBXBuildFile; fileRef = 408C10242CAD9FBE00F9A120 /* Assets.xcassets */; };
		408C10282CAD9FBE00F9A120 /* Base in Resources */ = {isa = PBXBuildFile; fileRef = 408C10272CAD9FBE00F9A120 /* Base */; };
		408C104E2CADA7E200F9A120 /* gameOver.png in Resources */ = {isa = PBXBuildFile; fileRef = 408C103F2CADA7E100F9A120 /* gameOver.png */; };
		408C104F2CADA7E200F9A120 /* gameOver@2x.png in Resources */ = {isa = PBXBuildFile; fileRef = 408C10402CADA7E100F9A120 /* gameOver@2x.png */; };
		408C10502CADA7E200F9A120 /* penguinEvil.png in Resources */ = {isa = PBXBuildFile; fileRef = 408C10412CADA7E100F9A120 /* penguinEvil.png */; };
		408C10512CADA7E200F9A120 /* penguinEvil@2x.png in Resources */ = {isa = PBXBuildFile; fileRef = 408C10422CADA7E100F9A120 /* penguinEvil@2x.png */; };
		408C10522CADA7E200F9A120 /* penguinGood.png in Resources */ = {isa = PBXBuildFile; fileRef = 408C10432CADA7E100F9A120 /* penguinGood.png */; };
		408C10532CADA7E200F9A120 /* penguinGood@2x.png in Resources */ = {isa = PBXBuildFile; fileRef = 408C10442CADA7E100F9A120 /* penguinGood@2x.png */; };
		408C10542CADA7E200F9A120 /* whack.caf in Resources */ = {isa = PBXBuildFile; fileRef = 408C10452CADA7E100F9A120 /* whack.caf */; };
		408C10552CADA7E200F9A120 /* whackBackground.png in Resources */ = {isa = PBXBuildFile; fileRef = 408C10462CADA7E100F9A120 /* whackBackground.png */; };
		408C10562CADA7E200F9A120 /* whackBackground@2x.png in Resources */ = {isa = PBXBuildFile; fileRef = 408C10472CADA7E100F9A120 /* whackBackground@2x.png */; };
		408C10572CADA7E200F9A120 /* whackBad.caf in Resources */ = {isa = PBXBuildFile; fileRef = 408C10482CADA7E100F9A120 /* whackBad.caf */; };
		408C10582CADA7E200F9A120 /* whackHole.png in Resources */ = {isa = PBXBuildFile; fileRef = 408C10492CADA7E100F9A120 /* whackHole.png */; };
		408C10592CADA7E200F9A120 /* whackHole@2x.png in Resources */ = {isa = PBXBuildFile; fileRef = 408C104A2CADA7E100F9A120 /* whackHole@2x.png */; };
		408C105A2CADA7E200F9A120 /* whackMask.png in Resources */ = {isa = PBXBuildFile; fileRef = 408C104B2CADA7E100F9A120 /* whackMask.png */; };
		408C105B2CADA7E200F9A120 /* whackMask@2x.png in Resources */ = {isa = PBXBuildFile; fileRef = 408C104C2CADA7E100F9A120 /* whackMask@2x.png */; };
		408C105D2CADB51600F9A120 /* WhackSlot.swift in Sources */ = {isa = PBXBuildFile; fileRef = 408C105C2CADB51600F9A120 /* WhackSlot.swift */; };
		408C10622CADB65F00F9A120 /* Constants+Utils.swift in Sources */ = {isa = PBXBuildFile; fileRef = 408C10612CADB65F00F9A120 /* Constants+Utils.swift */; };
		40D0E6B42CAF9A9D00BAC6F5 /* SmokeEmitter.sks in Resources */ = {isa = PBXBuildFile; fileRef = 40D0E6B32CAF9A9D00BAC6F5 /* SmokeEmitter.sks */; };
/* End PBXBuildFile section */

/* Begin PBXFileReference section */
		408C10142CAD9FB800F9A120 /* Project14 - Whack-A-Penguin.app */ = {isa = PBXFileReference; explicitFileType = wrapper.application; includeInIndex = 0; path = "Project14 - Whack-A-Penguin.app"; sourceTree = BUILT_PRODUCTS_DIR; };
		408C10172CAD9FB800F9A120 /* AppDelegate.swift */ = {isa = PBXFileReference; lastKnownFileType = sourcecode.swift; path = AppDelegate.swift; sourceTree = "<group>"; };
		408C10192CAD9FB800F9A120 /* GameScene.sks */ = {isa = PBXFileReference; lastKnownFileType = file.sks; path = GameScene.sks; sourceTree = "<group>"; };
		408C101D2CAD9FB800F9A120 /* GameScene.swift */ = {isa = PBXFileReference; lastKnownFileType = sourcecode.swift; path = GameScene.swift; sourceTree = "<group>"; };
		408C101F2CAD9FB800F9A120 /* GameViewController.swift */ = {isa = PBXFileReference; lastKnownFileType = sourcecode.swift; path = GameViewController.swift; sourceTree = "<group>"; };
		408C10222CAD9FB800F9A120 /* Base */ = {isa = PBXFileReference; lastKnownFileType = file.storyboard; name = Base; path = Base.lproj/Main.storyboard; sourceTree = "<group>"; };
		408C10242CAD9FBE00F9A120 /* Assets.xcassets */ = {isa = PBXFileReference; lastKnownFileType = folder.assetcatalog; path = Assets.xcassets; sourceTree = "<group>"; };
		408C10272CAD9FBE00F9A120 /* Base */ = {isa = PBXFileReference; lastKnownFileType = file.storyboard; name = Base; path = Base.lproj/LaunchScreen.storyboard; sourceTree = "<group>"; };
		408C103F2CADA7E100F9A120 /* gameOver.png */ = {isa = PBXFileReference; lastKnownFileType = image.png; path = gameOver.png; sourceTree = "<group>"; };
		408C10402CADA7E100F9A120 /* gameOver@2x.png */ = {isa = PBXFileReference; lastKnownFileType = image.png; path = "gameOver@2x.png"; sourceTree = "<group>"; };
		408C10412CADA7E100F9A120 /* penguinEvil.png */ = {isa = PBXFileReference; lastKnownFileType = image.png; path = penguinEvil.png; sourceTree = "<group>"; };
		408C10422CADA7E100F9A120 /* penguinEvil@2x.png */ = {isa = PBXFileReference; lastKnownFileType = image.png; path = "penguinEvil@2x.png"; sourceTree = "<group>"; };
		408C10432CADA7E100F9A120 /* penguinGood.png */ = {isa = PBXFileReference; lastKnownFileType = image.png; path = penguinGood.png; sourceTree = "<group>"; };
		408C10442CADA7E100F9A120 /* penguinGood@2x.png */ = {isa = PBXFileReference; lastKnownFileType = image.png; path = "penguinGood@2x.png"; sourceTree = "<group>"; };
		408C10452CADA7E100F9A120 /* whack.caf */ = {isa = PBXFileReference; lastKnownFileType = file; path = whack.caf; sourceTree = "<group>"; };
		408C10462CADA7E100F9A120 /* whackBackground.png */ = {isa = PBXFileReference; lastKnownFileType = image.png; path = whackBackground.png; sourceTree = "<group>"; };
		408C10472CADA7E100F9A120 /* whackBackground@2x.png */ = {isa = PBXFileReference; lastKnownFileType = image.png; path = "whackBackground@2x.png"; sourceTree = "<group>"; };
		408C10482CADA7E100F9A120 /* whackBad.caf */ = {isa = PBXFileReference; lastKnownFileType = file; path = whackBad.caf; sourceTree = "<group>"; };
		408C10492CADA7E100F9A120 /* whackHole.png */ = {isa = PBXFileReference; lastKnownFileType = image.png; path = whackHole.png; sourceTree = "<group>"; };
		408C104A2CADA7E100F9A120 /* whackHole@2x.png */ = {isa = PBXFileReference; lastKnownFileType = image.png; path = "whackHole@2x.png"; sourceTree = "<group>"; };
		408C104B2CADA7E100F9A120 /* whackMask.png */ = {isa = PBXFileReference; lastKnownFileType = image.png; path = whackMask.png; sourceTree = "<group>"; };
		408C104C2CADA7E100F9A120 /* whackMask@2x.png */ = {isa = PBXFileReference; lastKnownFileType = image.png; path = "whackMask@2x.png"; sourceTree = "<group>"; };
		408C105C2CADB51600F9A120 /* WhackSlot.swift */ = {isa = PBXFileReference; lastKnownFileType = sourcecode.swift; path = WhackSlot.swift; sourceTree = "<group>"; };
		408C10612CADB65F00F9A120 /* Constants+Utils.swift */ = {isa = PBXFileReference; lastKnownFileType = sourcecode.swift; path = "Constants+Utils.swift"; sourceTree = "<group>"; };
		40D0E6B32CAF9A9D00BAC6F5 /* SmokeEmitter.sks */ = {isa = PBXFileReference; lastKnownFileType = file.sks; path = SmokeEmitter.sks; sourceTree = "<group>"; };
		40D0E6B52CAFACD500BAC6F5 /* gameOver.caf */ = {isa = PBXFileReference; lastKnownFileType = file; path = gameOver.caf; sourceTree = "<group>"; };
/* End PBXFileReference section */

/* Begin PBXFrameworksBuildPhase section */
		408C10112CAD9FB700F9A120 /* Frameworks */ = {
			isa = PBXFrameworksBuildPhase;
			buildActionMask = 2147483647;
			files = (
			);
			runOnlyForDeploymentPostprocessing = 0;
		};
/* End PBXFrameworksBuildPhase section */

/* Begin PBXGroup section */
		408C100B2CAD9FB700F9A120 = {
			isa = PBXGroup;
			children = (
				408C10162CAD9FB800F9A120 /* Project14 - Whack-A-Penguin */,
				408C10152CAD9FB800F9A120 /* Products */,
			);
			sourceTree = "<group>";
		};
		408C10152CAD9FB800F9A120 /* Products */ = {
			isa = PBXGroup;
			children = (
				408C10142CAD9FB800F9A120 /* Project14 - Whack-A-Penguin.app */,
			);
			name = Products;
			sourceTree = "<group>";
		};
		408C10162CAD9FB800F9A120 /* Project14 - Whack-A-Penguin */ = {
			isa = PBXGroup;
			children = (
				408C10172CAD9FB800F9A120 /* AppDelegate.swift */,
				408C10192CAD9FB800F9A120 /* GameScene.sks */,
				408C101F2CAD9FB800F9A120 /* GameViewController.swift */,
				408C101D2CAD9FB800F9A120 /* GameScene.swift */,
				40D0E6B32CAF9A9D00BAC6F5 /* SmokeEmitter.sks */,
				408C105C2CADB51600F9A120 /* WhackSlot.swift */,
				408C105E2CADB62500F9A120 /* Utilities */,
				408C10212CAD9FB800F9A120 /* Main.storyboard */,
				408C10242CAD9FBE00F9A120 /* Assets.xcassets */,
				408C10262CAD9FBE00F9A120 /* LaunchScreen.storyboard */,
				408C104D2CADA7E100F9A120 /* Content */,
			);
			path = "Project14 - Whack-A-Penguin";
			sourceTree = "<group>";
		};
		408C104D2CADA7E100F9A120 /* Content */ = {
			isa = PBXGroup;
			children = (
				408C103F2CADA7E100F9A120 /* gameOver.png */,
				408C10402CADA7E100F9A120 /* gameOver@2x.png */,
				408C10412CADA7E100F9A120 /* penguinEvil.png */,
				408C10422CADA7E100F9A120 /* penguinEvil@2x.png */,
				408C10432CADA7E100F9A120 /* penguinGood.png */,
				408C10442CADA7E100F9A120 /* penguinGood@2x.png */,
				408C10452CADA7E100F9A120 /* whack.caf */,
				408C10462CADA7E100F9A120 /* whackBackground.png */,
				408C10472CADA7E100F9A120 /* whackBackground@2x.png */,
				408C10482CADA7E100F9A120 /* whackBad.caf */,
				408C10492CADA7E100F9A120 /* whackHole.png */,
				408C104A2CADA7E100F9A120 /* whackHole@2x.png */,
				408C104B2CADA7E100F9A120 /* whackMask.png */,
				408C104C2CADA7E100F9A120 /* whackMask@2x.png */,
				40D0E6B52CAFACD500BAC6F5 /* gameOver.caf */,
			);
			name = Content;
			path = "../../Project Files - HackingWithSwift/Classic/project14/Project14/Content";
			sourceTree = "<group>";
		};
		408C105E2CADB62500F9A120 /* Utilities */ = {
			isa = PBXGroup;
			children = (
				408C10612CADB65F00F9A120 /* Constants+Utils.swift */,
			);
			path = Utilities;
			sourceTree = "<group>";
		};
/* End PBXGroup section */

/* Begin PBXNativeTarget section */
		408C10132CAD9FB700F9A120 /* Project14 - Whack-A-Penguin */ = {
			isa = PBXNativeTarget;
			buildConfigurationList = 408C102B2CAD9FBE00F9A120 /* Build configuration list for PBXNativeTarget "Project14 - Whack-A-Penguin" */;
			buildPhases = (
				408C10102CAD9FB700F9A120 /* Sources */,
				408C10112CAD9FB700F9A120 /* Frameworks */,
				408C10122CAD9FB700F9A120 /* Resources */,
			);
			buildRules = (
			);
			dependencies = (
			);
			name = "Project14 - Whack-A-Penguin";
			productName = "Project14 - Whack-A-Penguin";
			productReference = 408C10142CAD9FB800F9A120 /* Project14 - Whack-A-Penguin.app */;
			productType = "com.apple.product-type.application";
		};
/* End PBXNativeTarget section */

/* Begin PBXProject section */
		408C100C2CAD9FB700F9A120 /* Project object */ = {
			isa = PBXProject;
			attributes = {
				BuildIndependentTargetsInParallel = 1;
				LastSwiftUpdateCheck = 1540;
				LastUpgradeCheck = 1540;
				TargetAttributes = {
					408C10132CAD9FB700F9A120 = {
						CreatedOnToolsVersion = 15.4;
					};
				};
			};
			buildConfigurationList = 408C100F2CAD9FB700F9A120 /* Build configuration list for PBXProject "Project14 - Whack-A-Penguin" */;
			compatibilityVersion = "Xcode 14.0";
			developmentRegion = en;
			hasScannedForEncodings = 0;
			knownRegions = (
				en,
				Base,
			);
			mainGroup = 408C100B2CAD9FB700F9A120;
			productRefGroup = 408C10152CAD9FB800F9A120 /* Products */;
			projectDirPath = "";
			projectRoot = "";
			targets = (
				408C10132CAD9FB700F9A120 /* Project14 - Whack-A-Penguin */,
			);
		};
/* End PBXProject section */

/* Begin PBXResourcesBuildPhase section */
		408C10122CAD9FB700F9A120 /* Resources */ = {
			isa = PBXResourcesBuildPhase;
			buildActionMask = 2147483647;
			files = (
				408C104E2CADA7E200F9A120 /* gameOver.png in Resources */,
				408C101A2CAD9FB800F9A120 /* GameScene.sks in Resources */,
				408C104F2CADA7E200F9A120 /* gameOver@2x.png in Resources */,
				408C105A2CADA7E200F9A120 /* whackMask.png in Resources */,
				408C10592CADA7E200F9A120 /* whackHole@2x.png in Resources */,
				408C10232CAD9FB800F9A120 /* Base in Resources */,
				408C10582CADA7E200F9A120 /* whackHole.png in Resources */,
				408C10562CADA7E200F9A120 /* whackBackground@2x.png in Resources */,
				408C10552CADA7E200F9A120 /* whackBackground.png in Resources */,
				408C10252CAD9FBE00F9A120 /* Assets.xcassets in Resources */,
				408C10512CADA7E200F9A120 /* penguinEvil@2x.png in Resources */,
				408C10502CADA7E200F9A120 /* penguinEvil.png in Resources */,
				408C10282CAD9FBE00F9A120 /* Base in Resources */,
				408C105B2CADA7E200F9A120 /* whackMask@2x.png in Resources */,
				408C10542CADA7E200F9A120 /* whack.caf in Resources */,
				408C10532CADA7E200F9A120 /* penguinGood@2x.png in Resources */,
				408C10522CADA7E200F9A120 /* penguinGood.png in Resources */,
				40D0E6B42CAF9A9D00BAC6F5 /* SmokeEmitter.sks in Resources */,
				408C10572CADA7E200F9A120 /* whackBad.caf in Resources */,
			);
			runOnlyForDeploymentPostprocessing = 0;
		};
/* End PBXResourcesBuildPhase section */

/* Begin PBXSourcesBuildPhase section */
		408C10102CAD9FB700F9A120 /* Sources */ = {
			isa = PBXSourcesBuildPhase;
			buildActionMask = 2147483647;
			files = (
				408C101E2CAD9FB800F9A120 /* GameScene.swift in Sources */,
				408C10202CAD9FB800F9A120 /* GameViewController.swift in Sources */,
				408C105D2CADB51600F9A120 /* WhackSlot.swift in Sources */,
				408C10622CADB65F00F9A120 /* Constants+Utils.swift in Sources */,
				408C10182CAD9FB800F9A120 /* AppDelegate.swift in Sources */,
			);
			runOnlyForDeploymentPostprocessing = 0;
		};
/* End PBXSourcesBuildPhase section */

/* Begin PBXVariantGroup section */
		408C10212CAD9FB800F9A120 /* Main.storyboard */ = {
			isa = PBXVariantGroup;
			children = (
				408C10222CAD9FB800F9A120 /* Base */,
			);
			name = Main.storyboard;
			sourceTree = "<group>";
		};
		408C10262CAD9FBE00F9A120 /* LaunchScreen.storyboard */ = {
			isa = PBXVariantGroup;
			children = (
				408C10272CAD9FBE00F9A120 /* Base */,
			);
			name = LaunchScreen.storyboard;
			sourceTree = "<group>";
		};
/* End PBXVariantGroup section */

/* Begin XCBuildConfiguration section */
		408C10292CAD9FBE00F9A120 /* Debug */ = {
			isa = XCBuildConfiguration;
			buildSettings = {
				ALWAYS_SEARCH_USER_PATHS = NO;
				ASSETCATALOG_COMPILER_GENERATE_SWIFT_ASSET_SYMBOL_EXTENSIONS = YES;
				CLANG_ANALYZER_NONNULL = YES;
				CLANG_ANALYZER_NUMBER_OBJECT_CONVERSION = YES_AGGRESSIVE;
				CLANG_CXX_LANGUAGE_STANDARD = "gnu++20";
				CLANG_ENABLE_MODULES = YES;
				CLANG_ENABLE_OBJC_ARC = YES;
				CLANG_ENABLE_OBJC_WEAK = YES;
				CLANG_WARN_BLOCK_CAPTURE_AUTORELEASING = YES;
				CLANG_WARN_BOOL_CONVERSION = YES;
				CLANG_WARN_COMMA = YES;
				CLANG_WARN_CONSTANT_CONVERSION = YES;
				CLANG_WARN_DEPRECATED_OBJC_IMPLEMENTATIONS = YES;
				CLANG_WARN_DIRECT_OBJC_ISA_USAGE = YES_ERROR;
				CLANG_WARN_DOCUMENTATION_COMMENTS = YES;
				CLANG_WARN_EMPTY_BODY = YES;
				CLANG_WARN_ENUM_CONVERSION = YES;
				CLANG_WARN_INFINITE_RECURSION = YES;
				CLANG_WARN_INT_CONVERSION = YES;
				CLANG_WARN_NON_LITERAL_NULL_CONVERSION = YES;
				CLANG_WARN_OBJC_IMPLICIT_RETAIN_SELF = YES;
				CLANG_WARN_OBJC_LITERAL_CONVERSION = YES;
				CLANG_WARN_OBJC_ROOT_CLASS = YES_ERROR;
				CLANG_WARN_QUOTED_INCLUDE_IN_FRAMEWORK_HEADER = YES;
				CLANG_WARN_RANGE_LOOP_ANALYSIS = YES;
				CLANG_WARN_STRICT_PROTOTYPES = YES;
				CLANG_WARN_SUSPICIOUS_MOVE = YES;
				CLANG_WARN_UNGUARDED_AVAILABILITY = YES_AGGRESSIVE;
				CLANG_WARN_UNREACHABLE_CODE = YES;
				CLANG_WARN__DUPLICATE_METHOD_MATCH = YES;
				COPY_PHASE_STRIP = NO;
				DEBUG_INFORMATION_FORMAT = dwarf;
				ENABLE_STRICT_OBJC_MSGSEND = YES;
				ENABLE_TESTABILITY = YES;
				ENABLE_USER_SCRIPT_SANDBOXING = YES;
				GCC_C_LANGUAGE_STANDARD = gnu17;
				GCC_DYNAMIC_NO_PIC = NO;
				GCC_NO_COMMON_BLOCKS = YES;
				GCC_OPTIMIZATION_LEVEL = 0;
				GCC_PREPROCESSOR_DEFINITIONS = (
					"DEBUG=1",
					"$(inherited)",
				);
				GCC_WARN_64_TO_32_BIT_CONVERSION = YES;
				GCC_WARN_ABOUT_RETURN_TYPE = YES_ERROR;
				GCC_WARN_UNDECLARED_SELECTOR = YES;
				GCC_WARN_UNINITIALIZED_AUTOS = YES_AGGRESSIVE;
				GCC_WARN_UNUSED_FUNCTION = YES;
				GCC_WARN_UNUSED_VARIABLE = YES;
				IPHONEOS_DEPLOYMENT_TARGET = 17.5;
				LOCALIZATION_PREFERS_STRING_CATALOGS = YES;
				MTL_ENABLE_DEBUG_INFO = INCLUDE_SOURCE;
				MTL_FAST_MATH = YES;
				ONLY_ACTIVE_ARCH = YES;
				SDKROOT = iphoneos;
				SWIFT_ACTIVE_COMPILATION_CONDITIONS = "DEBUG $(inherited)";
				SWIFT_OPTIMIZATION_LEVEL = "-Onone";
			};
			name = Debug;
		};
		408C102A2CAD9FBE00F9A120 /* Release */ = {
			isa = XCBuildConfiguration;
			buildSettings = {
				ALWAYS_SEARCH_USER_PATHS = NO;
				ASSETCATALOG_COMPILER_GENERATE_SWIFT_ASSET_SYMBOL_EXTENSIONS = YES;
				CLANG_ANALYZER_NONNULL = YES;
				CLANG_ANALYZER_NUMBER_OBJECT_CONVERSION = YES_AGGRESSIVE;
				CLANG_CXX_LANGUAGE_STANDARD = "gnu++20";
				CLANG_ENABLE_MODULES = YES;
				CLANG_ENABLE_OBJC_ARC = YES;
				CLANG_ENABLE_OBJC_WEAK = YES;
				CLANG_WARN_BLOCK_CAPTURE_AUTORELEASING = YES;
				CLANG_WARN_BOOL_CONVERSION = YES;
				CLANG_WARN_COMMA = YES;
				CLANG_WARN_CONSTANT_CONVERSION = YES;
				CLANG_WARN_DEPRECATED_OBJC_IMPLEMENTATIONS = YES;
				CLANG_WARN_DIRECT_OBJC_ISA_USAGE = YES_ERROR;
				CLANG_WARN_DOCUMENTATION_COMMENTS = YES;
				CLANG_WARN_EMPTY_BODY = YES;
				CLANG_WARN_ENUM_CONVERSION = YES;
				CLANG_WARN_INFINITE_RECURSION = YES;
				CLANG_WARN_INT_CONVERSION = YES;
				CLANG_WARN_NON_LITERAL_NULL_CONVERSION = YES;
				CLANG_WARN_OBJC_IMPLICIT_RETAIN_SELF = YES;
				CLANG_WARN_OBJC_LITERAL_CONVERSION = YES;
				CLANG_WARN_OBJC_ROOT_CLASS = YES_ERROR;
				CLANG_WARN_QUOTED_INCLUDE_IN_FRAMEWORK_HEADER = YES;
				CLANG_WARN_RANGE_LOOP_ANALYSIS = YES;
				CLANG_WARN_STRICT_PROTOTYPES = YES;
				CLANG_WARN_SUSPICIOUS_MOVE = YES;
				CLANG_WARN_UNGUARDED_AVAILABILITY = YES_AGGRESSIVE;
				CLANG_WARN_UNREACHABLE_CODE = YES;
				CLANG_WARN__DUPLICATE_METHOD_MATCH = YES;
				COPY_PHASE_STRIP = NO;
				DEBUG_INFORMATION_FORMAT = "dwarf-with-dsym";
				ENABLE_NS_ASSERTIONS = NO;
				ENABLE_STRICT_OBJC_MSGSEND = YES;
				ENABLE_USER_SCRIPT_SANDBOXING = YES;
				GCC_C_LANGUAGE_STANDARD = gnu17;
				GCC_NO_COMMON_BLOCKS = YES;
				GCC_WARN_64_TO_32_BIT_CONVERSION = YES;
				GCC_WARN_ABOUT_RETURN_TYPE = YES_ERROR;
				GCC_WARN_UNDECLARED_SELECTOR = YES;
				GCC_WARN_UNINITIALIZED_AUTOS = YES_AGGRESSIVE;
				GCC_WARN_UNUSED_FUNCTION = YES;
				GCC_WARN_UNUSED_VARIABLE = YES;
				IPHONEOS_DEPLOYMENT_TARGET = 17.5;
				LOCALIZATION_PREFERS_STRING_CATALOGS = YES;
				MTL_ENABLE_DEBUG_INFO = NO;
				MTL_FAST_MATH = YES;
				SDKROOT = iphoneos;
				SWIFT_COMPILATION_MODE = wholemodule;
				VALIDATE_PRODUCT = YES;
			};
			name = Release;
		};
		408C102C2CAD9FBE00F9A120 /* Debug */ = {
			isa = XCBuildConfiguration;
			buildSettings = {
				ASSETCATALOG_COMPILER_APPICON_NAME = AppIcon;
				ASSETCATALOG_COMPILER_GLOBAL_ACCENT_COLOR_NAME = AccentColor;
				CODE_SIGN_STYLE = Automatic;
				CURRENT_PROJECT_VERSION = 1;
				DEVELOPMENT_TEAM = M9MT23QW7V;
				GENERATE_INFOPLIST_FILE = YES;
				INFOPLIST_KEY_UIApplicationSupportsIndirectInputEvents = YES;
				INFOPLIST_KEY_UILaunchStoryboardName = LaunchScreen;
				INFOPLIST_KEY_UIMainStoryboardFile = Main;
				INFOPLIST_KEY_UIStatusBarHidden = YES;
				INFOPLIST_KEY_UISupportedInterfaceOrientations_iPad = "UIInterfaceOrientationLandscapeLeft UIInterfaceOrientationLandscapeRight";
				LD_RUNPATH_SEARCH_PATHS = (
					"$(inherited)",
					"@executable_path/Frameworks",
				);
				MARKETING_VERSION = 1.0;
				PRODUCT_BUNDLE_IDENTIFIER = "noahpope.Project14---Whack-A-Penguin";
				PRODUCT_NAME = "$(TARGET_NAME)";
				SWIFT_EMIT_LOC_STRINGS = YES;
				SWIFT_VERSION = 5.0;
				TARGETED_DEVICE_FAMILY = "1,2";
			};
			name = Debug;
		};
		408C102D2CAD9FBE00F9A120 /* Release */ = {
			isa = XCBuildConfiguration;
			buildSettings = {
				ASSETCATALOG_COMPILER_APPICON_NAME = AppIcon;
				ASSETCATALOG_COMPILER_GLOBAL_ACCENT_COLOR_NAME = AccentColor;
				CODE_SIGN_STYLE = Automatic;
				CURRENT_PROJECT_VERSION = 1;
				DEVELOPMENT_TEAM = M9MT23QW7V;
				GENERATE_INFOPLIST_FILE = YES;
				INFOPLIST_KEY_UIApplicationSupportsIndirectInputEvents = YES;
				INFOPLIST_KEY_UILaunchStoryboardName = LaunchScreen;
				INFOPLIST_KEY_UIMainStoryboardFile = Main;
				INFOPLIST_KEY_UIStatusBarHidden = YES;
				INFOPLIST_KEY_UISupportedInterfaceOrientations_iPad = "UIInterfaceOrientationLandscapeLeft UIInterfaceOrientationLandscapeRight";
				LD_RUNPATH_SEARCH_PATHS = (
					"$(inherited)",
					"@executable_path/Frameworks",
				);
				MARKETING_VERSION = 1.0;
				PRODUCT_BUNDLE_IDENTIFIER = "noahpope.Project14---Whack-A-Penguin";
				PRODUCT_NAME = "$(TARGET_NAME)";
				SWIFT_EMIT_LOC_STRINGS = YES;
				SWIFT_VERSION = 5.0;
				TARGETED_DEVICE_FAMILY = "1,2";
			};
			name = Release;
		};
/* End XCBuildConfiguration section */

/* Begin XCConfigurationList section */
		408C100F2CAD9FB700F9A120 /* Build configuration list for PBXProject "Project14 - Whack-A-Penguin" */ = {
			isa = XCConfigurationList;
			buildConfigurations = (
				408C10292CAD9FBE00F9A120 /* Debug */,
				408C102A2CAD9FBE00F9A120 /* Release */,
			);
			defaultConfigurationIsVisible = 0;
			defaultConfigurationName = Release;
		};
		408C102B2CAD9FBE00F9A120 /* Build configuration list for PBXNativeTarget "Project14 - Whack-A-Penguin" */ = {
			isa = XCConfigurationList;
			buildConfigurations = (
				408C102C2CAD9FBE00F9A120 /* Debug */,
				408C102D2CAD9FBE00F9A120 /* Release */,
			);
			defaultConfigurationIsVisible = 0;
			defaultConfigurationName = Release;
		};
/* End XCConfigurationList section */
	};
	rootObject = 408C100C2CAD9FB700F9A120 /* Project object */;
}
